runtime:
  repo: https://github.com/beforewire/openshell
  branch: forkcell-workspace-substrate
  tag: forkcell-runtime-v0.1.3-preview
  commit: 393c25a86d9128ff5e38ecf537809efe58470266

upstream:
  repo: https://github.com/NVIDIA/OpenShell
  base_commit: f23c2c8e84193beac5c35af8cd80276b60b8dbd4
  license: Apache-2.0

forkcell_patch:
  file: patches/openshell-workspace-substrate-2026-06-19.patch
  sha256: 646ad71866eeaa36598d0f91cf7ec69ed708e370893c709474b74b77e3f2d42d
  role: review_and_upstreaming_artifact
  note: The patch is already applied in the pinned beforewire/openshell submodule; ForkCell does not apply it during normal builds.
